{
    "_readme": [
        "This file locks the dependencies of your project to a known state",
        "Read more about it at https://getcomposer.org/doc/01-basic-usage.md#installing-dependencies",
        "This file is @generated automatically"
    ],
    "content-hash": "301674d45370e6c5d8461f26cad8084c",
    "packages": [],
    "packages-dev": [
        {
            "name": "nikic/php-parser",
            "version": "v5.8.0",
            "source": {
                "type": "git",
                "url": "https://github.com/nikic/PHP-Parser.git",
                "reference": "044a6a392ff8ad0d61f14370a5fbbd0a0107152f"
            },
            "dist": {
                "type": "zip",
                "url": "https://api.github.com/repos/nikic/PHP-Parser/zipball/044a6a392ff8ad0d61f14370a5fbbd0a0107152f",
                "reference": "044a6a392ff8ad0d61f14370a5fbbd0a0107152f",
                "shasum": ""
            },
            "require": {
                "ext-json": "*",
                "ext-tokenizer": "*",
                "php": ">=7.4"
            },
            "require-dev": {
                "ircmaxell/php-yacc": "^0.0.7",
                "phpunit/phpunit": "^9.0"
            },
            "bin": [
                "bin/php-parse"
            ],
            "type": "library",
            "extra": {
                "branch-alias": {
                    "dev-master": "5.x-dev"
                }
            },
            "autoload": {
                "psr-4": {
                    "PhpParser\\": "lib/PhpParser"
                }
            },
            "notification-url": "https://packagist.org/downloads/",
            "license": [
                "BSD-3-Clause"
            ],
            "authors": [
                {
                    "name": "Nikita Popov"
                }
            ],
            "description": "A PHP parser written in PHP",
            "keywords": [
                "parser",
                "php"
            ],
            "support": {
                "issues": "https://github.com/nikic/PHP-Parser/issues",
                "source": "https://github.com/nikic/PHP-Parser/tree/v5.8.0"
            },
            "time": "2026-07-04T14:30:18+00:00"
        },
        {
            "name": "phpunit/php-code-coverage",
            "version": "14.2.3",
            "source": {
                "type": "git",
                "url": "https://github.com/sebastianbergmann/php-code-coverage.git",
                "reference": "82f6e49ff224e2cde923d74425e583a883910783"
            },
            "dist": {
                "type": "zip",
                "url": "https://api.github.com/repos/sebastianbergmann/php-code-coverage/zipball/82f6e49ff224e2cde923d74425e583a883910783",
                "reference": "82f6e49ff224e2cde923d74425e583a883910783",
                "shasum": ""
            },
            "require": {
                "ext-dom": "*",
                "ext-libxml": "*",
                "ext-mbstring": "*",
                "ext-xmlwriter": "*",
                "nikic/php-parser": "^5.8.0",
                "php": ">=8.4",
                "phpunit/php-text-template": "^6.0",
                "sebastian/complexity": "^6.0",
                "sebastian/environment": "^9.3.2",
                "sebastian/git-state": "^1.0",
                "sebastian/lines-of-code": "^5.0.1",
                "sebastian/version": "^7.0",
                "theseer/tokenizer": "^2.0.1"
            },
            "require-dev": {
                "phpunit/phpunit": "^13.2.2"
            },
            "suggest": {
                "ext-pcov": "PHP extension that provides line coverage",
                "ext-xdebug": "PHP extension that provides line coverage as well as branch and path coverage"
            },
            "type": "library",
            "extra": {
                "branch-alias": {
                    "dev-main": "14.2.x-dev"
                }
            },
            "autoload": {
                "classmap": [
                    "src/"
                ]
            },
            "notification-url": "https://packagist.org/downloads/",
            "license": [
                "BSD-3-Clause"
            ],
            "authors": [
                {
                    "name": "Sebastian Bergmann",
                    "email": "sebastian@phpunit.de",
                    "role": "lead"
                }
            ],
            "description": "Library that provides collection, processing, and rendering functionality for PHP code coverage information.",
            "homepage": "https://github.com/sebastianbergmann/php-code-coverage",
            "keywords": [
                "coverage",
                "testing",
                "xunit"
            ],
            "support": {
                "issues": "https://github.com/sebastianbergmann/php-code-coverage/issues",
                "security": "https://github.com/sebastianbergmann/php-code-coverage/security/policy",
                "source": "https://github.com/sebastianbergmann/php-code-coverage/tree/14.2.3"
            },
            "funding": [
                {
                    "url": "https://github.com/sebastianbergmann",
                    "type": "github"
                },
                {
                    "url": "https://liberapay.com/sebastianbergmann",
                    "type": "liberapay"
                },
                {
                    "url": "https://thanks.dev/u/gh/sebastianbergmann",
                    "type": "thanks_dev"
                },
                {
                    "url": "https://tidelift.com/funding/github/packagist/phpunit/php-code-coverage",
                    "type": "tidelift"
                }
            ],
            "time": "2026-07-06T15:04:02+00:00"
        },
        {
            "name": "phpunit/php-file-iterator",
            "version": "7.0.0",
            "source": {
                "type": "git",
                "url": "https://github.com/sebastianbergmann/php-file-iterator.git",
                "reference": "6e5aa1fb0a95b1703d83e721299ee18bb4e2de50"
            },
            "dist": {
                "type": "zip",
                "url": "https://api.github.com/repos/sebastianbergmann/php-file-iterator/zipball/6e5aa1fb0a95b1703d83e721299ee18bb4e2de50",
                "reference": "6e5aa1fb0a95b1703d83e721299ee18bb4e2de50",
                "shasum": ""
            },
            "require": {
                "php": ">=8.4"
            },
            "require-dev": {
                "phpunit/phpunit": "^13.0"
            },
            "type": "library",
            "extra": {
                "branch-alias": {
                    "dev-main": "7.0-dev"
                }
            },
            "autoload": {
                "classmap": [
                    "src/"
                ]
            },
            "notification-url": "https://packagist.org/downloads/",
            "license": [
                "BSD-3-Clause"
            ],
            "authors": [
                {
                    "name": "Sebastian Bergmann",
                    "email": "sebastian@phpunit.de",
                    "role": "lead"
                }
            ],
            "description": "FilterIterator implementation that filters files based on a list of suffixes.",
            "homepage": "https://github.com/sebastianbergmann/php-file-iterator/",
            "keywords": [
                "filesystem",
                "iterator"
            ],
            "support": {
                "issues": "https://github.com/sebastianbergmann/php-file-iterator/issues",
                "security": "https://github.com/sebastianbergmann/php-file-iterator/security/policy",
                "source": "https://github.com/sebastianbergmann/php-file-iterator/tree/7.0.0"
            },
            "funding": [
                {
                    "url": "https://github.com/sebastianbergmann",
                    "type": "github"
                },
                {
                    "url": "https://liberapay.com/sebastianbergmann",
                    "type": "liberapay"
                },
                {
                    "url": "https://thanks.dev/u/gh/sebastianbergmann",
                    "type": "thanks_dev"
                },
                {
                    "url": "https://tidelift.com/funding/github/packagist/phpunit/php-file-iterator",
                    "type": "tidelift"
                }
            ],
            "time": "2026-02-06T04:33:26+00:00"
        },
        {
            "name": "phpunit/php-text-template",
            "version": "6.0.0",
            "source": {
                "type": "git",
                "url": "https://github.com/sebastianbergmann/php-text-template.git",
                "reference": "a47af19f93f76aa3368303d752aa5272ca3299f4"
            },
            "dist": {
                "type": "zip",
                "url": "https://api.github.com/repos/sebastianbergmann/php-text-template/zipball/a47af19f93f76aa3368303d752aa5272ca3299f4",
                "reference": "a47af19f93f76aa3368303d752aa5272ca3299f4",
                "shasum": ""
            },
            "require": {
                "php": ">=8.4"
            },
            "require-dev": {
                "phpunit/phpunit": "^13.0"
            },
            "type": "library",
            "extra": {
                "branch-alias": {
                    "dev-main": "6.0-dev"
                }
            },
            "autoload": {
                "classmap": [
                    "src/"
                ]
            },
            "notification-url": "https://packagist.org/downloads/",
            "license": [
                "BSD-3-Clause"
            ],
            "authors": [
                {
                    "name": "Sebastian Bergmann",
                    "email": "sebastian@phpunit.de",
                    "role": "lead"
                }
            ],
            "description": "Simple template engine.",
            "homepage": "https://github.com/sebastianbergmann/php-text-template/",
            "keywords": [
                "template"
            ],
            "support": {
                "issues": "https://github.com/sebastianbergmann/php-text-template/issues",
                "security": "https://github.com/sebastianbergmann/php-text-template/security/policy",
                "source": "https://github.com/sebastianbergmann/php-text-template/tree/6.0.0"
            },
            "funding": [
                {
                    "url": "https://github.com/sebastianbergmann",
                    "type": "github"
                },
                {
                    "url": "https://liberapay.com/sebastianbergmann",
                    "type": "liberapay"
                },
                {
                    "url": "https://thanks.dev/u/gh/sebastianbergmann",
                    "type": "thanks_dev"
                },
                {
                    "url": "https://tidelift.com/funding/github/packagist/phpunit/php-text-template",
                    "type": "tidelift"
                }
            ],
            "time": "2026-02-06T04:36:37+00:00"
        },
        {
            "name": "phpunit/phpcov",
            "version": "13.0.1",
            "source": {
                "type": "git",
                "url": "https://github.com/sebastianbergmann/phpcov.git",
                "reference": "334ea12622ede25e8f490861b524742ea86fdc5f"
            },
            "dist": {
                "type": "zip",
                "url": "https://api.github.com/repos/sebastianbergmann/phpcov/zipball/334ea12622ede25e8f490861b524742ea86fdc5f",
                "reference": "334ea12622ede25e8f490861b524742ea86fdc5f",
                "shasum": ""
            },
            "require": {
                "php": ">=8.4",
                "phpunit/php-code-coverage": "^14.1.3",
                "phpunit/php-file-iterator": "^7.0.0",
                "sebastian/cli-parser": "^5.0.0",
                "sebastian/diff": "^8.1.0",
                "sebastian/version": "^7.0.0"
            },
            "require-dev": {
                "phpunit/phpunit": "^13.1.6"
            },
            "bin": [
                "phpcov"
            ],
            "type": "library",
            "extra": {
                "branch-alias": {
                    "dev-main": "13.0-dev"
                }
            },
            "autoload": {
                "classmap": [
                    "src/"
                ]
            },
            "notification-url": "https://packagist.org/downloads/",
            "license": [
                "BSD-3-Clause"
            ],
            "authors": [
                {
                    "name": "Sebastian Bergmann",
                    "email": "sebastian@phpunit.de",
                    "role": "lead"
                }
            ],
            "description": "CLI frontend for php-code-coverage",
            "homepage": "https://github.com/sebastianbergmann/phpcov",
            "support": {
                "issues": "https://github.com/sebastianbergmann/phpcov/issues",
                "source": "https://github.com/sebastianbergmann/phpcov/tree/13.0.1"
            },
            "funding": [
                {
                    "url": "https://github.com/sebastianbergmann",
                    "type": "github"
                }
            ],
            "time": "2026-04-18T05:56:42+00:00"
        },
        {
            "name": "sebastian/cli-parser",
            "version": "5.0.0",
            "source": {
                "type": "git",
                "url": "https://github.com/sebastianbergmann/cli-parser.git",
                "reference": "48a4654fa5e48c1c81214e9930048a572d4b23ca"
            },
            "dist": {
                "type": "zip",
                "url": "https://api.github.com/repos/sebastianbergmann/cli-parser/zipball/48a4654fa5e48c1c81214e9930048a572d4b23ca",
                "reference": "48a4654fa5e48c1c81214e9930048a572d4b23ca",
                "shasum": ""
            },
            "require": {
                "php": ">=8.4"
            },
            "require-dev": {
                "phpunit/phpunit": "^13.0"
            },
            "type": "library",
            "extra": {
                "branch-alias": {
                    "dev-main": "5.0-dev"
                }
            },
            "autoload": {
                "classmap": [
                    "src/"
                ]
            },
            "notification-url": "https://packagist.org/downloads/",
            "license": [
                "BSD-3-Clause"
            ],
            "authors": [
                {
                    "name": "Sebastian Bergmann",
                    "email": "sebastian@phpunit.de",
                    "role": "lead"
                }
            ],
            "description": "Library for parsing CLI options",
            "homepage": "https://github.com/sebastianbergmann/cli-parser",
            "support": {
                "issues": "https://github.com/sebastianbergmann/cli-parser/issues",
                "security": "https://github.com/sebastianbergmann/cli-parser/security/policy",
                "source": "https://github.com/sebastianbergmann/cli-parser/tree/5.0.0"
            },
            "funding": [
                {
                    "url": "https://github.com/sebastianbergmann",
                    "type": "github"
                },
                {
                    "url": "https://liberapay.com/sebastianbergmann",
                    "type": "liberapay"
                },
                {
                    "url": "https://thanks.dev/u/gh/sebastianbergmann",
                    "type": "thanks_dev"
                },
                {
                    "url": "https://tidelift.com/funding/github/packagist/sebastian/cli-parser",
                    "type": "tidelift"
                }
            ],
            "time": "2026-02-06T04:39:44+00:00"
        },
        {
            "name": "sebastian/complexity",
            "version": "6.0.0",
            "source": {
                "type": "git",
                "url": "https://github.com/sebastianbergmann/complexity.git",
                "reference": "c5651c795c98093480df79350cb050813fc7a2f3"
            },
            "dist": {
                "type": "zip",
                "url": "https://api.github.com/repos/sebastianbergmann/complexity/zipball/c5651c795c98093480df79350cb050813fc7a2f3",
                "reference": "c5651c795c98093480df79350cb050813fc7a2f3",
                "shasum": ""
            },
            "require": {
                "nikic/php-parser": "^5.0",
                "php": ">=8.4"
            },
            "require-dev": {
                "phpunit/phpunit": "^13.0"
            },
            "type": "library",
            "extra": {
                "branch-alias": {
                    "dev-main": "6.0-dev"
                }
            },
            "autoload": {
                "classmap": [
                    "src/"
                ]
            },
            "notification-url": "https://packagist.org/downloads/",
            "license": [
                "BSD-3-Clause"
            ],
            "authors": [
                {
                    "name": "Sebastian Bergmann",
                    "email": "sebastian@phpunit.de",
                    "role": "lead"
                }
            ],
            "description": "Library for calculating the complexity of PHP code units",
            "homepage": "https://github.com/sebastianbergmann/complexity",
            "support": {
                "issues": "https://github.com/sebastianbergmann/complexity/issues",
                "security": "https://github.com/sebastianbergmann/complexity/security/policy",
                "source": "https://github.com/sebastianbergmann/complexity/tree/6.0.0"
            },
            "funding": [
                {
                    "url": "https://github.com/sebastianbergmann",
                    "type": "github"
                },
                {
                    "url": "https://liberapay.com/sebastianbergmann",
                    "type": "liberapay"
                },
                {
                    "url": "https://thanks.dev/u/gh/sebastianbergmann",
                    "type": "thanks_dev"
                },
                {
                    "url": "https://tidelift.com/funding/github/packagist/sebastian/complexity",
                    "type": "tidelift"
                }
            ],
            "time": "2026-02-06T04:41:32+00:00"
        },
        {
            "name": "sebastian/diff",
            "version": "8.3.0",
            "source": {
                "type": "git",
                "url": "https://github.com/sebastianbergmann/diff.git",
                "reference": "b36d33b6e796513de7cb7df053afb3f55eefcd47"
            },
            "dist": {
                "type": "zip",
                "url": "https://api.github.com/repos/sebastianbergmann/diff/zipball/b36d33b6e796513de7cb7df053afb3f55eefcd47",
                "reference": "b36d33b6e796513de7cb7df053afb3f55eefcd47",
                "shasum": ""
            },
            "require": {
                "php": ">=8.4"
            },
            "require-dev": {
                "phpunit/phpunit": "^13.0",
                "symfony/process": "^7.2"
            },
            "type": "library",
            "extra": {
                "branch-alias": {
                    "dev-main": "8.3-dev"
                }
            },
            "autoload": {
                "classmap": [
                    "src/"
                ]
            },
            "notification-url": "https://packagist.org/downloads/",
            "license": [
                "BSD-3-Clause"
            ],
            "authors": [
                {
                    "name": "Sebastian Bergmann",
                    "email": "sebastian@phpunit.de"
                },
                {
                    "name": "Kore Nordmann",
                    "email": "mail@kore-nordmann.de"
                }
            ],
            "description": "Diff implementation",
            "homepage": "https://github.com/sebastianbergmann/diff",
            "keywords": [
                "diff",
                "udiff",
                "unidiff",
                "unified diff"
            ],
            "support": {
                "issues": "https://github.com/sebastianbergmann/diff/issues",
                "security": "https://github.com/sebastianbergmann/diff/security/policy",
                "source": "https://github.com/sebastianbergmann/diff/tree/8.3.0"
            },
            "funding": [
                {
                    "url": "https://github.com/sebastianbergmann",
                    "type": "github"
                },
                {
                    "url": "https://liberapay.com/sebastianbergmann",
                    "type": "liberapay"
                },
                {
                    "url": "https://thanks.dev/u/gh/sebastianbergmann",
                    "type": "thanks_dev"
                },
                {
                    "url": "https://tidelift.com/funding/github/packagist/sebastian/diff",
                    "type": "tidelift"
                }
            ],
            "time": "2026-05-15T04:58:09+00:00"
        },
        {
            "name": "sebastian/environment",
            "version": "9.3.2",
            "source": {
                "type": "git",
                "url": "https://github.com/sebastianbergmann/environment.git",
                "reference": "6c9e487c9eb706a8d258102a1c0b0a3e53e86c2e"
            },
            "dist": {
                "type": "zip",
                "url": "https://api.github.com/repos/sebastianbergmann/environment/zipball/6c9e487c9eb706a8d258102a1c0b0a3e53e86c2e",
                "reference": "6c9e487c9eb706a8d258102a1c0b0a3e53e86c2e",
                "shasum": ""
            },
            "require": {
                "php": ">=8.4"
            },
            "require-dev": {
                "phpunit/phpunit": "^13.1.11"
            },
            "suggest": {
                "ext-posix": "*"
            },
            "type": "library",
            "extra": {
                "branch-alias": {
                    "dev-main": "9.3-dev"
                }
            },
            "autoload": {
                "classmap": [
                    "src/"
                ]
            },
            "notification-url": "https://packagist.org/downloads/",
            "license": [
                "BSD-3-Clause"
            ],
            "authors": [
                {
                    "name": "Sebastian Bergmann",
                    "email": "sebastian@phpunit.de"
                }
            ],
            "description": "Provides functionality to handle HHVM/PHP environments",
            "homepage": "https://github.com/sebastianbergmann/environment",
            "keywords": [
                "Xdebug",
                "environment",
                "hhvm"
            ],
            "support": {
                "issues": "https://github.com/sebastianbergmann/environment/issues",
                "security": "https://github.com/sebastianbergmann/environment/security/policy",
                "source": "https://github.com/sebastianbergmann/environment/tree/9.3.2"
            },
            "funding": [
                {
                    "url": "https://github.com/sebastianbergmann",
                    "type": "github"
                },
                {
                    "url": "https://liberapay.com/sebastianbergmann",
                    "type": "liberapay"
                },
                {
                    "url": "https://thanks.dev/u/gh/sebastianbergmann",
                    "type": "thanks_dev"
                },
                {
                    "url": "https://tidelift.com/funding/github/packagist/sebastian/environment",
                    "type": "tidelift"
                }
            ],
            "time": "2026-05-25T13:41:38+00:00"
        },
        {
            "name": "sebastian/git-state",
            "version": "1.0.0",
            "source": {
                "type": "git",
                "url": "https://github.com/sebastianbergmann/git-state.git",
                "reference": "792a952e0eba55b6960a48aeceb9f371aad1f76b"
            },
            "dist": {
                "type": "zip",
                "url": "https://api.github.com/repos/sebastianbergmann/git-state/zipball/792a952e0eba55b6960a48aeceb9f371aad1f76b",
                "reference": "792a952e0eba55b6960a48aeceb9f371aad1f76b",
                "shasum": ""
            },
            "require": {
                "php": ">=8.4"
            },
            "require-dev": {
                "phpunit/phpunit": "^13.0"
            },
            "type": "library",
            "extra": {
                "branch-alias": {
                    "dev-main": "1.0-dev"
                }
            },
            "autoload": {
                "classmap": [
                    "src/"
                ]
            },
            "notification-url": "https://packagist.org/downloads/",
            "license": [
                "BSD-3-Clause"
            ],
            "authors": [
                {
                    "name": "Sebastian Bergmann",
                    "email": "sebastian@phpunit.de",
                    "role": "lead"
                }
            ],
            "description": "Library for describing the state of a Git checkout",
            "homepage": "https://github.com/sebastianbergmann/git-state",
            "support": {
                "issues": "https://github.com/sebastianbergmann/git-state/issues",
                "security": "https://github.com/sebastianbergmann/git-state/security/policy",
                "source": "https://github.com/sebastianbergmann/git-state/tree/1.0.0"
            },
            "funding": [
                {
                    "url": "https://github.com/sebastianbergmann",
                    "type": "github"
                },
                {
                    "url": "https://liberapay.com/sebastianbergmann",
                    "type": "liberapay"
                },
                {
                    "url": "https://thanks.dev/u/gh/sebastianbergmann",
                    "type": "thanks_dev"
                },
                {
                    "url": "https://tidelift.com/funding/github/packagist/sebastian/git-state",
                    "type": "tidelift"
                }
            ],
            "time": "2026-03-21T12:54:28+00:00"
        },
        {
            "name": "sebastian/lines-of-code",
            "version": "5.0.2",
            "source": {
                "type": "git",
                "url": "https://github.com/sebastianbergmann/lines-of-code.git",
                "reference": "d1b6f8fce682505dbd048977f1abedf1b8ad3ff8"
            },
            "dist": {
                "type": "zip",
                "url": "https://api.github.com/repos/sebastianbergmann/lines-of-code/zipball/d1b6f8fce682505dbd048977f1abedf1b8ad3ff8",
                "reference": "d1b6f8fce682505dbd048977f1abedf1b8ad3ff8",
                "shasum": ""
            },
            "require": {
                "nikic/php-parser": "^5.8.0",
                "php": ">=8.4"
            },
            "require-dev": {
                "phpunit/phpunit": "^13.2.4"
            },
            "type": "library",
            "extra": {
                "branch-alias": {
                    "dev-main": "5.0-dev"
                }
            },
            "autoload": {
                "classmap": [
                    "src/"
                ]
            },
            "notification-url": "https://packagist.org/downloads/",
            "license": [
                "BSD-3-Clause"
            ],
            "authors": [
                {
                    "name": "Sebastian Bergmann",
                    "email": "sebastian@phpunit.de",
                    "role": "lead"
                }
            ],
            "description": "Library for counting the lines of code in PHP source code",
            "homepage": "https://github.com/sebastianbergmann/lines-of-code",
            "support": {
                "issues": "https://github.com/sebastianbergmann/lines-of-code/issues",
                "security": "https://github.com/sebastianbergmann/lines-of-code/security/policy",
                "source": "https://github.com/sebastianbergmann/lines-of-code/tree/5.0.2"
            },
            "funding": [
                {
                    "url": "https://github.com/sebastianbergmann",
                    "type": "github"
                },
                {
                    "url": "https://liberapay.com/sebastianbergmann",
                    "type": "liberapay"
                },
                {
                    "url": "https://thanks.dev/u/gh/sebastianbergmann",
                    "type": "thanks_dev"
                },
                {
                    "url": "https://tidelift.com/funding/github/packagist/sebastian/lines-of-code",
                    "type": "tidelift"
                }
            ],
            "time": "2026-07-09T08:42:34+00:00"
        },
        {
            "name": "sebastian/version",
            "version": "7.0.0",
            "source": {
                "type": "git",
                "url": "https://github.com/sebastianbergmann/version.git",
                "reference": "ad37a5552c8e2b88572249fdc19b6da7792e021b"
            },
            "dist": {
                "type": "zip",
                "url": "https://api.github.com/repos/sebastianbergmann/version/zipball/ad37a5552c8e2b88572249fdc19b6da7792e021b",
                "reference": "ad37a5552c8e2b88572249fdc19b6da7792e021b",
                "shasum": ""
            },
            "require": {
                "php": ">=8.4"
            },
            "type": "library",
            "extra": {
                "branch-alias": {
                    "dev-main": "7.0-dev"
                }
            },
            "autoload": {
                "classmap": [
                    "src/"
                ]
            },
            "notification-url": "https://packagist.org/downloads/",
            "license": [
                "BSD-3-Clause"
            ],
            "authors": [
                {
                    "name": "Sebastian Bergmann",
                    "email": "sebastian@phpunit.de",
                    "role": "lead"
                }
            ],
            "description": "Library that helps with managing the version number of Git-hosted PHP projects",
            "homepage": "https://github.com/sebastianbergmann/version",
            "support": {
                "issues": "https://github.com/sebastianbergmann/version/issues",
                "security": "https://github.com/sebastianbergmann/version/security/policy",
                "source": "https://github.com/sebastianbergmann/version/tree/7.0.0"
            },
            "funding": [
                {
                    "url": "https://github.com/sebastianbergmann",
                    "type": "github"
                },
                {
                    "url": "https://liberapay.com/sebastianbergmann",
                    "type": "liberapay"
                },
                {
                    "url": "https://thanks.dev/u/gh/sebastianbergmann",
                    "type": "thanks_dev"
                },
                {
                    "url": "https://tidelift.com/funding/github/packagist/sebastian/version",
                    "type": "tidelift"
                }
            ],
            "time": "2026-02-06T04:52:52+00:00"
        },
        {
            "name": "theseer/tokenizer",
            "version": "2.0.1",
            "source": {
                "type": "git",
                "url": "https://github.com/theseer/tokenizer.git",
                "reference": "7989e43bf381af0eac72e4f0ca5bcbfa81658be4"
            },
            "dist": {
                "type": "zip",
                "url": "https://api.github.com/repos/theseer/tokenizer/zipball/7989e43bf381af0eac72e4f0ca5bcbfa81658be4",
                "reference": "7989e43bf381af0eac72e4f0ca5bcbfa81658be4",
                "shasum": ""
            },
            "require": {
                "ext-dom": "*",
                "ext-tokenizer": "*",
                "ext-xmlwriter": "*",
                "php": "^8.1"
            },
            "type": "library",
            "autoload": {
                "classmap": [
                    "src/"
                ]
            },
            "notification-url": "https://packagist.org/downloads/",
            "license": [
                "BSD-3-Clause"
            ],
            "authors": [
                {
                    "name": "Arne Blankerts",
                    "email": "arne@blankerts.de",
                    "role": "Developer"
                }
            ],
            "description": "A small library for converting tokenized PHP source code into XML and potentially other formats",
            "support": {
                "issues": "https://github.com/theseer/tokenizer/issues",
                "source": "https://github.com/theseer/tokenizer/tree/2.0.1"
            },
            "funding": [
                {
                    "url": "https://github.com/theseer",
                    "type": "github"
                }
            ],
            "time": "2025-12-08T11:19:18+00:00"
        }
    ],
    "aliases": [],
    "minimum-stability": "stable",
    "stability-flags": {},
    "prefer-stable": false,
    "prefer-lowest": false,
    "platform": {},
    "platform-dev": {},
    "plugin-api-version": "2.6.0"
}
